
Microsoft Visual Studio Solution File, Format Version 12.00
# Visual Studio Version 16
VisualStudioVersion = 16.0.810.16
MinimumVisualStudioVersion = 10.0.40219.1
Project("{FAE04EC0-301F-11D3-BF4B-00C04F79EFBC}") = "Api", "Api.csproj", "{B1404EFA-C5E9-421A-A5DB-C7375A5CC309}"
EndProject
Project("{FAE04EC0-301F-11D3-BF4B-00C04F79EFBC}") = "Domain", "Domain\Domain.csproj", "{996FC373-FF7E-4FAE-B2C3-781FCD2F5E71}"
EndProject
Project("{FAE04EC0-301F-11D3-BF4B-00C04F79EFBC}") = "Infrastructure", "Infrastructure\Infrastructure.csproj", "{2C02065F-4301-4B53-AC6B-8E6E11E828B6}"
EndProject
Global
	GlobalSection(SolutionConfigurationPlatforms) = preSolution
		Debug|Any CPU = Debug|Any CPU
		Release|Any CPU = Release|Any CPU
	EndGlobalSection
	GlobalSection(ProjectConfigurationPlatforms) = postSolution
		{B1404EFA-C5E9-421A-A5DB-C7375A5CC309}.Debug|Any CPU.ActiveCfg = Debug|Any CPU
		{B1404EFA-C5E9-421A-A5DB-C7375A5CC309}.Debug|Any CPU.Build.0 = Debug|Any CPU
		{B1404EFA-C5E9-421A-A5DB-C7375A5CC309}.Release|Any CPU.ActiveCfg = Release|Any CPU
		{B1404EFA-C5E9-421A-A5DB-C7375A5CC309}.Release|Any CPU.Build.0 = Release|Any CPU
		{996FC373-FF7E-4FAE-B2C3-781FCD2F5E71}.Debug|Any CPU.ActiveCfg = Debug|Any CPU
		{996FC373-FF7E-4FAE-B2C3-781FCD2F5E71}.Debug|Any CPU.Build.0 = Debug|Any CPU
		{996FC373-FF7E-4FAE-B2C3-781FCD2F5E71}.Release|Any CPU.ActiveCfg = Release|Any CPU
		{996FC373-FF7E-4FAE-B2C3-781FCD2F5E71}.Release|Any CPU.Build.0 = Release|Any CPU
		{2C02065F-4301-4B53-AC6B-8E6E11E828B6}.Debug|Any CPU.ActiveCfg = Debug|Any CPU
		{2C02065F-4301-4B53-AC6B-8E6E11E828B6}.Debug|Any CPU.Build.0 = Debug|Any CPU
		{2C02065F-4301-4B53-AC6B-8E6E11E828B6}.Release|Any CPU.ActiveCfg = Release|Any CPU
		{2C02065F-4301-4B53-AC6B-8E6E11E828B6}.Release|Any CPU.Build.0 = Release|Any CPU
	EndGlobalSection
	GlobalSection(SolutionProperties) = preSolution
		HideSolutionNode = FALSE
	EndGlobalSection
	GlobalSection(ExtensibilityGlobals) = postSolution
		SolutionGuid = {2CA1961A-A3D7-4045-98B4-35BE4D0AA4F7}
	EndGlobalSection
EndGlobal
